// !$*UTF8*$!
{
	archiveVersion = 1;
	classes = {
	};
	objectVersion = 46;
	objects = {

/* Begin PBXBuildFile section */
		BE7E9A89184DDB5D00FD7790 /* Foundation.framework in Frameworks */ = {isa = PBXBuildFile; fileRef = BE7E9A88184DDB5D00FD7790 /* Foundation.framework */; };
		BE7E9A8B184DDB5D00FD7790 /* CoreGraphics.framework in Frameworks */ = {isa = PBXBuildFile; fileRef = BE7E9A8A184DDB5D00FD7790 /* CoreGraphics.framework */; };
		BE7E9A8D184DDB5D00FD7790 /* UIKit.framework in Frameworks */ = {isa = PBXBuildFile; fileRef = BE7E9A8C184DDB5D00FD7790 /* UIKit.framework */; };
		BE7E9A93184DDB5D00FD7790 /* InfoPlist.strings in Resources */ = {isa = PBXBuildFile; fileRef = BE7E9A91184DDB5D00FD7790 /* InfoPlist.strings */; };
		BE7E9A95184DDB5D00FD7790 /* main.m in Sources */ = {isa = PBXBuildFile; fileRef = BE7E9A94184DDB5D00FD7790 /* main.m */; };
		BE7E9A99184DDB5D00FD7790 /* AppDelegate.m in Sources */ = {isa = PBXBuildFile; fileRef = BE7E9A98184DDB5D00FD7790 /* AppDelegate.m */; };
		BE7E9A9B184DDB5D00FD7790 /* Images.xcassets in Resources */ = {isa = PBXBuildFile; fileRef = BE7E9A9A184DDB5D00FD7790 /* Images.xcassets */; };
		BE7E9ABA184DDBDD00FD7790 /* UIViewController+AKSegueKit.m in Sources */ = {isa = PBXBuildFile; fileRef = BE7E9AB9184DDBDD00FD7790 /* UIViewController+AKSegueKit.m */; };
		BE7E9ABD184DDF3A00FD7790 /* Main.storyboard in Resources */ = {isa = PBXBuildFile; fileRef = BE7E9ABC184DDF3A00FD7790 /* Main.storyboard */; };
		BE7E9AC0184DDF5400FD7790 /* FirstViewController.m in Sources */ = {isa = PBXBuildFile; fileRef = BE7E9ABF184DDF5400FD7790 /* FirstViewController.m */; };
		BE7E9AC3184DDF6000FD7790 /* SecondViewController.m in Sources */ = {isa = PBXBuildFile; fileRef = BE7E9AC2184DDF6000FD7790 /* SecondViewController.m */; };
/* End PBXBuildFile section */

/* Begin PBXFileReference section */
		BE7E9A85184DDB5D00FD7790 /* AKSegueKit.app */ = {isa = PBXFileReference; explicitFileType = wrapper.application; includeInIndex = 0; path = AKSegueKit.app; sourceTree = BUILT_PRODUCTS_DIR; };
		BE7E9A88184DDB5D00FD7790 /* Foundation.framework */ = {isa = PBXFileReference; lastKnownFileType = wrapper.framework; name = Foundation.framework; path = System/Library/Frameworks/Foundation.framework; sourceTree = SDKROOT; };
		BE7E9A8A184DDB5D00FD7790 /* CoreGraphics.framework */ = {isa = PBXFileReference; lastKnownFileType = wrapper.framework; name = CoreGraphics.framework; path = System/Library/Frameworks/CoreGraphics.framework; sourceTree = SDKROOT; };
		BE7E9A8C184DDB5D00FD7790 /* UIKit.framework */ = {isa = PBXFileReference; lastKnownFileType = wrapper.framework; name = UIKit.framework; path = System/Library/Frameworks/UIKit.framework; sourceTree = SDKROOT; };
		BE7E9A90184DDB5D00FD7790 /* AKSegueKit-Info.plist */ = {isa = PBXFileReference; lastKnownFileType = text.plist.xml; path = "AKSegueKit-Info.plist"; sourceTree = "<group>"; };
		BE7E9A92184DDB5D00FD7790 /* en */ = {isa = PBXFileReference; lastKnownFileType = text.plist.strings; name = en; path = en.lproj/InfoPlist.strings; sourceTree = "<group>"; };
		BE7E9A94184DDB5D00FD7790 /* main.m */ = {isa = PBXFileReference; lastKnownFileType = sourcecode.c.objc; path = main.m; sourceTree = "<group>"; };
		BE7E9A96184DDB5D00FD7790 /* AKSegueKit-Prefix.pch */ = {isa = PBXFileReference; lastKnownFileType = sourcecode.c.h; path = "AKSegueKit-Prefix.pch"; sourceTree = "<group>"; };
		BE7E9A97184DDB5D00FD7790 /* AppDelegate.h */ = {isa = PBXFileReference; lastKnownFileType = sourcecode.c.h; path = AppDelegate.h; sourceTree = "<group>"; };
		BE7E9A98184DDB5D00FD7790 /* AppDelegate.m */ = {isa = PBXFileReference; lastKnownFileType = sourcecode.c.objc; path = AppDelegate.m; sourceTree = "<group>"; };
		BE7E9A9A184DDB5D00FD7790 /* Images.xcassets */ = {isa = PBXFileReference; lastKnownFileType = folder.assetcatalog; path = Images.xcassets; sourceTree = "<group>"; };
		BE7E9AA1184DDB5D00FD7790 /* XCTest.framework */ = {isa = PBXFileReference; lastKnownFileType = wrapper.framework; name = XCTest.framework; path = Library/Frameworks/XCTest.framework; sourceTree = DEVELOPER_DIR; };
		BE7E9AB8184DDBDD00FD7790 /* UIViewController+AKSegueKit.h */ = {isa = PBXFileReference; fileEncoding = 4; lastKnownFileType = sourcecode.c.h; path = "UIViewController+AKSegueKit.h"; sourceTree = "<group>"; };
		BE7E9AB9184DDBDD00FD7790 /* UIViewController+AKSegueKit.m */ = {isa = PBXFileReference; fileEncoding = 4; lastKnownFileType = sourcecode.c.objc; path = "UIViewController+AKSegueKit.m"; sourceTree = "<group>"; };
		BE7E9ABB184DDC0000FD7790 /* AKSegueKit.h */ = {isa = PBXFileReference; lastKnownFileType = sourcecode.c.h; path = AKSegueKit.h; sourceTree = "<group>"; };
		BE7E9ABC184DDF3A00FD7790 /* Main.storyboard */ = {isa = PBXFileReference; fileEncoding = 4; lastKnownFileType = file.storyboard; path = Main.storyboard; sourceTree = "<group>"; };
		BE7E9ABE184DDF5400FD7790 /* FirstViewController.h */ = {isa = PBXFileReference; fileEncoding = 4; lastKnownFileType = sourcecode.c.h; path = FirstViewController.h; sourceTree = "<group>"; };
		BE7E9ABF184DDF5400FD7790 /* FirstViewController.m */ = {isa = PBXFileReference; fileEncoding = 4; lastKnownFileType = sourcecode.c.objc; path = FirstViewController.m; sourceTree = "<group>"; };
		BE7E9AC1184DDF6000FD7790 /* SecondViewController.h */ = {isa = PBXFileReference; fileEncoding = 4; lastKnownFileType = sourcecode.c.h; path = SecondViewController.h; sourceTree = "<group>"; };
		BE7E9AC2184DDF6000FD7790 /* SecondViewController.m */ = {isa = PBXFileReference; fileEncoding = 4; lastKnownFileType = sourcecode.c.objc; path = SecondViewController.m; sourceTree = "<group>"; };
/* End PBXFileReference section */

/* Begin PBXFrameworksBuildPhase section */
		BE7E9A82184DDB5D00FD7790 /* Frameworks */ = {
			isa = PBXFrameworksBuildPhase;
			buildActionMask = 2147483647;
			files = (
				BE7E9A8B184DDB5D00FD7790 /* CoreGraphics.framework in Frameworks */,
				BE7E9A8D184DDB5D00FD7790 /* UIKit.framework in Frameworks */,
				BE7E9A89184DDB5D00FD7790 /* Foundation.framework in Frameworks */,
			);
			runOnlyForDeploymentPostprocessing = 0;
		};
/* End PBXFrameworksBuildPhase section */

/* Begin PBXGroup section */
		BE7E9A7C184DDB5D00FD7790 = {
			isa = PBXGroup;
			children = (
				BE7E9AB7184DDB9E00FD7790 /* lib */,
				BE7E9A8E184DDB5D00FD7790 /* AKSegueKit */,
				BE7E9A87184DDB5D00FD7790 /* Frameworks */,
				BE7E9A86184DDB5D00FD7790 /* Products */,
			);
			sourceTree = "<group>";
		};
		BE7E9A86184DDB5D00FD7790 /* Products */ = {
			isa = PBXGroup;
			children = (
				BE7E9A85184DDB5D00FD7790 /* AKSegueKit.app */,
			);
			name = Products;
			sourceTree = "<group>";
		};
		BE7E9A87184DDB5D00FD7790 /* Frameworks */ = {
			isa = PBXGroup;
			children = (
				BE7E9A88184DDB5D00FD7790 /* Foundation.framework */,
				BE7E9A8A184DDB5D00FD7790 /* CoreGraphics.framework */,
				BE7E9A8C184DDB5D00FD7790 /* UIKit.framework */,
				BE7E9AA1184DDB5D00FD7790 /* XCTest.framework */,
			);
			name = Frameworks;
			sourceTree = "<group>";
		};
		BE7E9A8E184DDB5D00FD7790 /* AKSegueKit */ = {
			isa = PBXGroup;
			children = (
				BE7E9A97184DDB5D00FD7790 /* AppDelegate.h */,
				BE7E9A98184DDB5D00FD7790 /* AppDelegate.m */,
				BE7E9A9A184DDB5D00FD7790 /* Images.xcassets */,
				BE7E9A8F184DDB5D00FD7790 /* Supporting Files */,
				BE7E9ABC184DDF3A00FD7790 /* Main.storyboard */,
				BE7E9ABE184DDF5400FD7790 /* FirstViewController.h */,
				BE7E9ABF184DDF5400FD7790 /* FirstViewController.m */,
				BE7E9AC1184DDF6000FD7790 /* SecondViewController.h */,
				BE7E9AC2184DDF6000FD7790 /* SecondViewController.m */,
			);
			path = AKSegueKit;
			sourceTree = "<group>";
		};
		BE7E9A8F184DDB5D00FD7790 /* Supporting Files */ = {
			isa = PBXGroup;
			children = (
				BE7E9A90184DDB5D00FD7790 /* AKSegueKit-Info.plist */,
				BE7E9A91184DDB5D00FD7790 /* InfoPlist.strings */,
				BE7E9A94184DDB5D00FD7790 /* main.m */,
				BE7E9A96184DDB5D00FD7790 /* AKSegueKit-Prefix.pch */,
			);
			name = "Supporting Files";
			sourceTree = "<group>";
		};
		BE7E9AB7184DDB9E00FD7790 /* lib */ = {
			isa = PBXGroup;
			children = (
				BE7E9AB8184DDBDD00FD7790 /* UIViewController+AKSegueKit.h */,
				BE7E9AB9184DDBDD00FD7790 /* UIViewController+AKSegueKit.m */,
				BE7E9ABB184DDC0000FD7790 /* AKSegueKit.h */,
			);
			path = lib;
			sourceTree = "<group>";
		};
/* End PBXGroup section */

/* Begin PBXNativeTarget section */
		BE7E9A84184DDB5D00FD7790 /* AKSegueKit */ = {
			isa = PBXNativeTarget;
			buildConfigurationList = BE7E9AB1184DDB5D00FD7790 /* Build configuration list for PBXNativeTarget "AKSegueKit" */;
			buildPhases = (
				BE7E9A81184DDB5D00FD7790 /* Sources */,
				BE7E9A82184DDB5D00FD7790 /* Frameworks */,
				BE7E9A83184DDB5D00FD7790 /* Resources */,
			);
			buildRules = (
			);
			dependencies = (
			);
			name = AKSegueKit;
			productName = AKSegueKit;
			productReference = BE7E9A85184DDB5D00FD7790 /* AKSegueKit.app */;
			productType = "com.apple.product-type.application";
		};
/* End PBXNativeTarget section */

/* Begin PBXProject section */
		BE7E9A7D184DDB5D00FD7790 /* Project object */ = {
			isa = PBXProject;
			attributes = {
				LastUpgradeCheck = 0500;
				ORGANIZATIONNAME = akuraru;
			};
			buildConfigurationList = BE7E9A80184DDB5D00FD7790 /* Build configuration list for PBXProject "AKSegueKit" */;
			compatibilityVersion = "Xcode 3.2";
			developmentRegion = English;
			hasScannedForEncodings = 0;
			knownRegions = (
				en,
			);
			mainGroup = BE7E9A7C184DDB5D00FD7790;
			productRefGroup = BE7E9A86184DDB5D00FD7790 /* Products */;
			projectDirPath = "";
			projectRoot = "";
			targets = (
				BE7E9A84184DDB5D00FD7790 /* AKSegueKit */,
			);
		};
/* End PBXProject section */

/* Begin PBXResourcesBuildPhase section */
		BE7E9A83184DDB5D00FD7790 /* Resources */ = {
			isa = PBXResourcesBuildPhase;
			buildActionMask = 2147483647;
			files = (
				BE7E9ABD184DDF3A00FD7790 /* Main.storyboard in Resources */,
				BE7E9A93184DDB5D00FD7790 /* InfoPlist.strings in Resources */,
				BE7E9A9B184DDB5D00FD7790 /* Images.xcassets in Resources */,
			);
			runOnlyForDeploymentPostprocessing = 0;
		};
/* End PBXResourcesBuildPhase section */

/* Begin PBXSourcesBuildPhase section */
		BE7E9A81184DDB5D00FD7790 /* Sources */ = {
			isa = PBXSourcesBuildPhase;
			buildActionMask = 2147483647;
			files = (
				BE7E9AC3184DDF6000FD7790 /* SecondViewController.m in Sources */,
				BE7E9A99184DDB5D00FD7790 /* AppDelegate.m in Sources */,
				BE7E9A95184DDB5D00FD7790 /* main.m in Sources */,
				BE7E9ABA184DDBDD00FD7790 /* UIViewController+AKSegueKit.m in Sources */,
				BE7E9AC0184DDF5400FD7790 /* FirstViewController.m in Sources */,
			);
			runOnlyForDeploymentPostprocessing = 0;
		};
/* End PBXSourcesBuildPhase section */

/* Begin PBXVariantGroup section */
		BE7E9A91184DDB5D00FD7790 /* InfoPlist.strings */ = {
			isa = PBXVariantGroup;
			children = (
				BE7E9A92184DDB5D00FD7790 /* en */,
			);
			name = InfoPlist.strings;
			sourceTree = "<group>";
		};
/* End PBXVariantGroup section */

/* Begin XCBuildConfiguration section */
		BE7E9AAF184DDB5D00FD7790 /* Debug */ = {
			isa = XCBuildConfiguration;
			buildSettings = {
				ALWAYS_SEARCH_USER_PATHS = NO;
				ARCHS = "$(ARCHS_STANDARD_INCLUDING_64_BIT)";
				CLANG_CXX_LANGUAGE_STANDARD = "gnu++0x";
				CLANG_CXX_LIBRARY = "libc++";
				CLANG_ENABLE_MODULES = YES;
				CLANG_ENABLE_OBJC_ARC = YES;
				CLANG_WARN_BOOL_CONVERSION = YES;
				CLANG_WARN_CONSTANT_CONVERSION = YES;
				CLANG_WARN_DIRECT_OBJC_ISA_USAGE = YES_ERROR;
				CLANG_WARN_EMPTY_BODY = YES;
				CLANG_WARN_ENUM_CONVERSION = YES;
				CLANG_WARN_INT_CONVERSION = YES;
				CLANG_WARN_OBJC_ROOT_CLASS = YES_ERROR;
				CLANG_WARN__DUPLICATE_METHOD_MATCH = YES;
				"CODE_SIGN_IDENTITY[sdk=iphoneos*]" = "iPhone Developer";
				COPY_PHASE_STRIP = NO;
				GCC_C_LANGUAGE_STANDARD = gnu99;
				GCC_DYNAMIC_NO_PIC = NO;
				GCC_OPTIMIZATION_LEVEL = 0;
				GCC_PREPROCESSOR_DEFINITIONS = (
					"DEBUG=1",
					"$(inherited)",
				);
				GCC_SYMBOLS_PRIVATE_EXTERN = NO;
				GCC_WARN_64_TO_32_BIT_CONVERSION = YES;
				GCC_WARN_ABOUT_RETURN_TYPE = YES_ERROR;
				GCC_WARN_UNDECLARED_SELECTOR = YES;
				GCC_WARN_UNINITIALIZED_AUTOS = YES;
				GCC_WARN_UNUSED_FUNCTION = YES;
				GCC_WARN_UNUSED_VARIABLE = YES;
				IPHONEOS_DEPLOYMENT_TARGET = 7.0;
				ONLY_ACTIVE_ARCH = YES;
				SDKROOT = iphoneos;
			};
			name = Debug;
		};
		BE7E9AB0184DDB5D00FD7790 /* Release */ = {
			isa = XCBuildConfiguration;
			buildSettings = {
				ALWAYS_SEARCH_USER_PATHS = NO;
				ARCHS = "$(ARCHS_STANDARD_INCLUDING_64_BIT)";
				CLANG_CXX_LANGUAGE_STANDARD = "gnu++0x";
				CLANG_CXX_LIBRARY = "libc++";
				CLANG_ENABLE_MODULES = YES;
				CLANG_ENABLE_OBJC_ARC = YES;
				CLANG_WARN_BOOL_CONVERSION = YES;
				CLANG_WARN_CONSTANT_CONVERSION = YES;
				CLANG_WARN_DIRECT_OBJC_ISA_USAGE = YES_ERROR;
				CLANG_WARN_EMPTY_BODY = YES;
				CLANG_WARN_ENUM_CONVERSION = YES;
				CLANG_WARN_INT_CONVERSION = YES;
				CLANG_WARN_OBJC_ROOT_CLASS = YES_ERROR;
				CLANG_WARN__DUPLICATE_METHOD_MATCH = YES;
				"CODE_SIGN_IDENTITY[sdk=iphoneos*]" = "iPhone Developer";
				COPY_PHASE_STRIP = YES;
				ENABLE_NS_ASSERTIONS = NO;
				GCC_C_LANGUAGE_STANDARD = gnu99;
				GCC_WARN_64_TO_32_BIT_CONVERSION = YES;
				GCC_WARN_ABOUT_RETURN_TYPE = YES_ERROR;
				GCC_WARN_UNDECLARED_SELECTOR = YES;
				GCC_WARN_UNINITIALIZED_AUTOS = YES;
				GCC_WARN_UNUSED_FUNCTION = YES;
				GCC_WARN_UNUSED_VARIABLE = YES;
				IPHONEOS_DEPLOYMENT_TARGET = 7.0;
				SDKROOT = iphoneos;
				VALIDATE_PRODUCT = YES;
			};
			name = Release;
		};
		BE7E9AB2184DDB5D00FD7790 /* Debug */ = {
			isa = XCBuildConfiguration;
			buildSettings = {
				ASSETCATALOG_COMPILER_APPICON_NAME = AppIcon;
				ASSETCATALOG_COMPILER_LAUNCHIMAGE_NAME = LaunchImage;
				CODE_SIGN_IDENTITY = "iPhone Developer";
				GCC_PRECOMPILE_PREFIX_HEADER = YES;
				GCC_PREFIX_HEADER = "AKSegueKit/AKSegueKit-Prefix.pch";
				INFOPLIST_FILE = "AKSegueKit/AKSegueKit-Info.plist";
				PRODUCT_NAME = "$(TARGET_NAME)";
				WRAPPER_EXTENSION = app;
			};
			name = Debug;
		};
		BE7E9AB3184DDB5D00FD7790 /* Release */ = {
			isa = XCBuildConfiguration;
			buildSettings = {
				ASSETCATALOG_COMPILER_APPICON_NAME = AppIcon;
				ASSETCATALOG_COMPILER_LAUNCHIMAGE_NAME = LaunchImage;
				CODE_SIGN_IDENTITY = "iPhone Developer";
				GCC_PRECOMPILE_PREFIX_HEADER = YES;
				GCC_PREFIX_HEADER = "AKSegueKit/AKSegueKit-Prefix.pch";
				INFOPLIST_FILE = "AKSegueKit/AKSegueKit-Info.plist";
				PRODUCT_NAME = "$(TARGET_NAME)";
				WRAPPER_EXTENSION = app;
			};
			name = Release;
		};
/* End XCBuildConfiguration section */

/* Begin XCConfigurationList section */
		BE7E9A80184DDB5D00FD7790 /* Build configuration list for PBXProject "AKSegueKit" */ = {
			isa = XCConfigurationList;
			buildConfigurations = (
				BE7E9AAF184DDB5D00FD7790 /* Debug */,
				BE7E9AB0184DDB5D00FD7790 /* Release */,
			);
			defaultConfigurationIsVisible = 0;
			defaultConfigurationName = Release;
		};
		BE7E9AB1184DDB5D00FD7790 /* Build configuration list for PBXNativeTarget "AKSegueKit" */ = {
			isa = XCConfigurationList;
			buildConfigurations = (
				BE7E9AB2184DDB5D00FD7790 /* Debug */,
				BE7E9AB3184DDB5D00FD7790 /* Release */,
			);
			defaultConfigurationIsVisible = 0;
			defaultConfigurationName = Release;
		};
/* End XCConfigurationList section */
	};
	rootObject = BE7E9A7D184DDB5D00FD7790 /* Project object */;
}
